{
	"name": "@uppy/companion",
	"version": "1.0.2",
	"lockfileVersion": 1,
	"requires": true,
	"dependencies": {
		"semver": {
			"version": "6.1.1",
			"resolved": "https://registry.npmjs.org/semver/-/semver-6.1.1.tgz",
			"integrity": "sha512-rWYq2e5iYW+fFe/oPPtYJxYgjBm8sC4rmoGdUOgBB7VnwKt6HrL793l2voH1UlsyYZpJ4g0wfjnTEO1s1NP2eQ=="
		}
	}
}
